{
  "name": "m43-indexDB",
  "version": "1.0.0",
  "lockfileVersion": 3,
  "requires": true,
  "packages": {
    "": {
      "name": "m43-indexDB",
      "version": "1.0.0",
      "license": "MIT",
      "devDependencies": {
        "@tsconfig/node-ts": "^23.6.2",
        "@tsconfig/node20": "^20.1.8",
        "prettier": "^3.7.4",
        "typescript": "^5.9.3"
      }
    },
    "node_modules/@tsconfig/node-ts": {
      "version": "23.6.2",
      "dev": true,
      "license": "MIT"
    },
    "node_modules/@tsconfig/node20": {
      "version": "20.1.8",
      "dev": true,
      "license": "MIT"
    },
    "node_modules/prettier": {
      "version": "3.7.4",
      "dev": true,
      "license": "MIT",
      "bin": {
        "prettier": "bin/prettier.cjs"
      },
      "engines": {
        "node": ">=14"
      },
      "funding": {
        "url": "https://github.com/prettier/prettier?sponsor=1"
      }
    },
    "node_modules/typescript": {
      "version": "5.9.3",
      "dev": true,
      "license": "Apache-2.0",
      "bin": {
        "tsc": "bin/tsc",
        "tsserver": "bin/tsserver"
      },
      "engines": {
        "node": ">=14.17"
      }
    }
  }
}
